
Microsoft Visual Studio Solution File, Format Version 12.00
# Visual Studio Version 16
VisualStudioVersion = 16.0.30711.63
MinimumVisualStudioVersion = 10.0.40219.1
Project("{8BC9CEB8-8B4A-11D0-8D11-00A0C91BC942}") = "Queue", "Queue\Queue.vcxproj", "{DB28398A-0CCC-437E-936A-25653C84B73C}"
EndProject
Global
	GlobalSection(SolutionConfigurationPlatforms) = preSolution
		Debug|x64 = Debug|x64
		Debug|x86 = Debug|x86
		Release|x64 = Release|x64
		Release|x86 = Release|x86
	EndGlobalSection
	GlobalSection(ProjectConfigurationPlatforms) = postSolution
		{DB28398A-0CCC-437E-936A-25653C84B73C}.Debug|x64.ActiveCfg = Debug|x64
		{DB28398A-0CCC-437E-936A-25653C84B73C}.Debug|x64.Build.0 = Debug|x64
		{DB28398A-0CCC-437E-936A-25653C84B73C}.Debug|x86.ActiveCfg = Debug|Win32
		{DB28398A-0CCC-437E-936A-25653C84B73C}.Debug|x86.Build.0 = Debug|Win32
		{DB28398A-0CCC-437E-936A-25653C84B73C}.Release|x64.ActiveCfg = Release|x64
		{DB28398A-0CCC-437E-936A-25653C84B73C}.Release|x64.Build.0 = Release|x64
		{DB28398A-0CCC-437E-936A-25653C84B73C}.Release|x86.ActiveCfg = Release|Win32
		{DB28398A-0CCC-437E-936A-25653C84B73C}.Release|x86.Build.0 = Release|Win32
	EndGlobalSection
	GlobalSection(SolutionProperties) = preSolution
		HideSolutionNode = FALSE
	EndGlobalSection
	GlobalSection(ExtensibilityGlobals) = postSolution
		SolutionGuid = {814109CB-EF40-4A3A-AF35-BEE7732804C8}
	EndGlobalSection
EndGlobal
