
Microsoft Visual Studio Solution File, Format Version 12.00
# Visual Studio Version 16
VisualStudioVersion = 16.0.30711.63
MinimumVisualStudioVersion = 10.0.40219.1
Project("{8BC9CEB8-8B4A-11D0-8D11-00A0C91BC942}") = "BinaryHeap", "BinaryHeap\BinaryHeap.vcxproj", "{DA8B861D-9AA2-4456-9FEF-7D9DA62BBBF2}"
EndProject
Global
	GlobalSection(SolutionConfigurationPlatforms) = preSolution
		Debug|x64 = Debug|x64
		Debug|x86 = Debug|x86
		Release|x64 = Release|x64
		Release|x86 = Release|x86
	EndGlobalSection
	GlobalSection(ProjectConfigurationPlatforms) = postSolution
		{DA8B861D-9AA2-4456-9FEF-7D9DA62BBBF2}.Debug|x64.ActiveCfg = Debug|x64
		{DA8B861D-9AA2-4456-9FEF-7D9DA62BBBF2}.Debug|x64.Build.0 = Debug|x64
		{DA8B861D-9AA2-4456-9FEF-7D9DA62BBBF2}.Debug|x86.ActiveCfg = Debug|Win32
		{DA8B861D-9AA2-4456-9FEF-7D9DA62BBBF2}.Debug|x86.Build.0 = Debug|Win32
		{DA8B861D-9AA2-4456-9FEF-7D9DA62BBBF2}.Release|x64.ActiveCfg = Release|x64
		{DA8B861D-9AA2-4456-9FEF-7D9DA62BBBF2}.Release|x64.Build.0 = Release|x64
		{DA8B861D-9AA2-4456-9FEF-7D9DA62BBBF2}.Release|x86.ActiveCfg = Release|Win32
		{DA8B861D-9AA2-4456-9FEF-7D9DA62BBBF2}.Release|x86.Build.0 = Release|Win32
	EndGlobalSection
	GlobalSection(SolutionProperties) = preSolution
		HideSolutionNode = FALSE
	EndGlobalSection
	GlobalSection(ExtensibilityGlobals) = postSolution
		SolutionGuid = {B8EBE3C8-31E0-4135-83EC-37A668676656}
	EndGlobalSection
EndGlobal
